
Microsoft Visual Studio Solution File, Format Version 12.00
# Visual Studio Version 17
VisualStudioVersion = 17.3.32929.385
MinimumVisualStudioVersion = 10.0.40219.1
Project("{9A19103F-16F7-4668-BE54-9A1E7A4F7556}") = "AiApiTestClient", "AiApiTestClient.csproj", "{DCB9D973-FDAA-473D-806E-114894F69AB7}"
EndProject
Global
	GlobalSection(SolutionConfigurationPlatforms) = preSolution
		Debug|Any CPU = Debug|Any CPU
		Release|Any CPU = Release|Any CPU
	EndGlobalSection
	GlobalSection(ProjectConfigurationPlatforms) = postSolution
		{DCB9D973-FDAA-473D-806E-114894F69AB7}.Debug|Any CPU.ActiveCfg = Debug|Any CPU
		{DCB9D973-FDAA-473D-806E-114894F69AB7}.Debug|Any CPU.Build.0 = Debug|Any CPU
		{DCB9D973-FDAA-473D-806E-114894F69AB7}.Release|Any CPU.ActiveCfg = Release|Any CPU
		{DCB9D973-FDAA-473D-806E-114894F69AB7}.Release|Any CPU.Build.0 = Release|Any CPU
	EndGlobalSection
	GlobalSection(SolutionProperties) = preSolution
		HideSolutionNode = FALSE
	EndGlobalSection
	GlobalSection(ExtensibilityGlobals) = postSolution
		SolutionGuid = {4FA6F92D-C784-4C71-BA8B-543929013AAF}
	EndGlobalSection
EndGlobal
